
Microsoft Visual Studio Solution File, Format Version 10.00
# Visual Studio 2008
Project("{FAE04EC0-301F-11D3-BF4B-00C04F79EFBC}") = "IP.Product", "IP.Product.csproj", "{691DB792-2D48-4293-B766-522DF6BA7AA4}"
EndProject
Global
	GlobalSection(SolutionConfigurationPlatforms) = preSolution
		BuildServer|Any CPU = BuildServer|Any CPU
		Debug|Any CPU = Debug|Any CPU
		Release|Any CPU = Release|Any CPU
	EndGlobalSection
	GlobalSection(ProjectConfigurationPlatforms) = postSolution
		{691DB792-2D48-4293-B766-522DF6BA7AA4}.BuildServer|Any CPU.ActiveCfg = BuildServer|Any CPU
		{691DB792-2D48-4293-B766-522DF6BA7AA4}.BuildServer|Any CPU.Build.0 = BuildServer|Any CPU
		{691DB792-2D48-4293-B766-522DF6BA7AA4}.Debug|Any CPU.ActiveCfg = Debug|Any CPU
		{691DB792-2D48-4293-B766-522DF6BA7AA4}.Debug|Any CPU.Build.0 = Debug|Any CPU
		{691DB792-2D48-4293-B766-522DF6BA7AA4}.Release|Any CPU.ActiveCfg = Release|Any CPU
		{691DB792-2D48-4293-B766-522DF6BA7AA4}.Release|Any CPU.Build.0 = Release|Any CPU
	EndGlobalSection
	GlobalSection(SolutionProperties) = preSolution
		HideSolutionNode = FALSE
	EndGlobalSection
EndGlobal
