
Microsoft Visual Studio Solution File, Format Version 10.00
# Visual Studio 2008
Project("{FAE04EC0-301F-11D3-BF4B-00C04F79EFBC}") = "IP.Opportunity", "IP.Opportunity.csproj", "{2A063E56-91B3-4DDD-B44F-15AAEC339A97}"
EndProject
Global
	GlobalSection(SolutionConfigurationPlatforms) = preSolution
		BuildServer|Any CPU = BuildServer|Any CPU
		Debug|Any CPU = Debug|Any CPU
		Release|Any CPU = Release|Any CPU
	EndGlobalSection
	GlobalSection(ProjectConfigurationPlatforms) = postSolution
		{2A063E56-91B3-4DDD-B44F-15AAEC339A97}.BuildServer|Any CPU.ActiveCfg = BuildServer|Any CPU
		{2A063E56-91B3-4DDD-B44F-15AAEC339A97}.BuildServer|Any CPU.Build.0 = BuildServer|Any CPU
		{2A063E56-91B3-4DDD-B44F-15AAEC339A97}.Debug|Any CPU.ActiveCfg = Debug|Any CPU
		{2A063E56-91B3-4DDD-B44F-15AAEC339A97}.Debug|Any CPU.Build.0 = Debug|Any CPU
		{2A063E56-91B3-4DDD-B44F-15AAEC339A97}.Release|Any CPU.ActiveCfg = Release|Any CPU
		{2A063E56-91B3-4DDD-B44F-15AAEC339A97}.Release|Any CPU.Build.0 = Release|Any CPU
	EndGlobalSection
	GlobalSection(SolutionProperties) = preSolution
		HideSolutionNode = FALSE
	EndGlobalSection
EndGlobal
