
Microsoft Visual Studio Solution File, Format Version 9.00
# Visual Studio 2005
Project("{D183A3D8-5FD8-494B-B014-37F57B35E655}") = "PivotalTemplate", "PivotalTemplate.dtproj", "{A18EFCAC-1B66-4439-9487-F91AA4672239}"
EndProject
Global
	GlobalSection(SolutionConfigurationPlatforms) = preSolution
		Development|Default = Development|Default
	EndGlobalSection
	GlobalSection(ProjectConfigurationPlatforms) = postSolution
		{A18EFCAC-1B66-4439-9487-F91AA4672239}.Development|Default.ActiveCfg = Development
		{A18EFCAC-1B66-4439-9487-F91AA4672239}.Development|Default.Build.0 = Development
	EndGlobalSection
	GlobalSection(SolutionProperties) = preSolution
		HideSolutionNode = FALSE
	EndGlobalSection
EndGlobal
